// !$*UTF8*$!
{
	archiveVersion = 1;
	classes = {
	};
	objectVersion = 77;
	objects = {

/* Begin PBXBuildFile section */
		02DD70DDEA1819EF167A658A /* Carbon.framework in Embed Frameworks */ = {isa = PBXBuildFile; fileRef = AD43D7E283594DDB604F5EBB /* Carbon.framework */; settings = {ATTRIBUTES = (CodeSignOnCopy, RemoveHeadersOnCopy, ); }; };
		04181C2F0C684DD69A32F268 /* PersonalVocabularyStoreTests.swift in Sources */ = {isa = PBXBuildFile; fileRef = 9D76313018A0188955E3C4CA /* PersonalVocabularyStoreTests.swift */; };
		0AC05F1AA64E995A10F361D2 /* SilenceTrimmerTests.swift in Sources */ = {isa = PBXBuildFile; fileRef = 44A0E4362EB02E437B4C6FE2 /* SilenceTrimmerTests.swift */; };
		137C872FD4657E79B0048AA4 /* CLlama in Frameworks */ = {isa = PBXBuildFile; productRef = 49EC41A9569F4E512159D347 /* CLlama */; };
		1560994923FF8966351E7781 /* WhisperBridgeTests.swift in Sources */ = {isa = PBXBuildFile; fileRef = 4F101A23189461D773E4A4DD /* WhisperBridgeTests.swift */; };
		1A892FB4473F8865C6714A82 /* main.swift in Sources */ = {isa = PBXBuildFile; fileRef = 019164C3B7275CAE9467A6FA /* main.swift */; };
		2581C37F40F520E9BC714C47 /* ModelDownloadManagerTests.swift in Sources */ = {isa = PBXBuildFile; fileRef = 4F072A7AC21FE1EC1599451D /* ModelDownloadManagerTests.swift */; };
		2EBD37F05699496CB180ABA6 /* WhisKeyUI in Frameworks */ = {isa = PBXBuildFile; productRef = 21A0CBE9946D78509C094492 /* WhisKeyUI */; };
		3055ABAF93555A655AF6F05E /* FillerScrubberTests.swift in Sources */ = {isa = PBXBuildFile; fileRef = BFC516742DDF01CEA375FF87 /* FillerScrubberTests.swift */; };
		37F4C20829A53B3E9A42AB1F /* CleanupProfileTests.swift in Sources */ = {isa = PBXBuildFile; fileRef = CFE840825AC7527EA755EA8A /* CleanupProfileTests.swift */; };
		39859478DA4540E5E692B143 /* VoiceCommandProcessorTests.swift in Sources */ = {isa = PBXBuildFile; fileRef = BBF63DB4FA52F5DB167AA121 /* VoiceCommandProcessorTests.swift */; };
		3D939670F84F9220FD4F2DE7 /* OllamaProviderEgressTests.swift in Sources */ = {isa = PBXBuildFile; fileRef = D9FC905B4D103FD4D0DB9DF8 /* OllamaProviderEgressTests.swift */; };
		3F9823095590E281FCD091DE /* NetworkActivityMonitorTests.swift in Sources */ = {isa = PBXBuildFile; fileRef = E1BAB79403B50DD82E91831C /* NetworkActivityMonitorTests.swift */; };
		41761363558B1C743D60AD71 /* OllamaProviderTests.swift in Sources */ = {isa = PBXBuildFile; fileRef = E0E31AC7AD08944A4E860B17 /* OllamaProviderTests.swift */; };
		477214B7E1B93E51A3DBFBA4 /* MetalKit.framework in Frameworks */ = {isa = PBXBuildFile; fileRef = 2E457089246BE039960D43DC /* MetalKit.framework */; };
		47C506F83740A6B1ACDE0330 /* HotkeyDispatcherTests.swift in Sources */ = {isa = PBXBuildFile; fileRef = 8A64AA65DACAB8DBD16CE186 /* HotkeyDispatcherTests.swift */; };
		489A0B87610CB429132AF4E1 /* TranscriptionPipelineSensitivityTests.swift in Sources */ = {isa = PBXBuildFile; fileRef = DEC52C63CD5F01AC02B67F43 /* TranscriptionPipelineSensitivityTests.swift */; };
		4FEFE6B8B74E8F9F8367985C /* MetalKit.framework in Embed Frameworks */ = {isa = PBXBuildFile; fileRef = 2E457089246BE039960D43DC /* MetalKit.framework */; settings = {ATTRIBUTES = (CodeSignOnCopy, RemoveHeadersOnCopy, ); }; };
		52ECD7382850F42EF90B8033 /* OutputModeTests.swift in Sources */ = {isa = PBXBuildFile; fileRef = 0C6E86B5D458B71D07BE16BB /* OutputModeTests.swift */; };
		5A4BA0738E7438E6E5ACDCC7 /* PermissionsManagerTests.swift in Sources */ = {isa = PBXBuildFile; fileRef = 1A08BD6BFACA364982C42D2C /* PermissionsManagerTests.swift */; };
		624E852A63FBA28EFDADD367 /* SnippetExpanderTests.swift in Sources */ = {isa = PBXBuildFile; fileRef = 6A7AEB81F5032C946B0D0096 /* SnippetExpanderTests.swift */; };
		641316453A2D7B4E5AD14479 /* SensitiveAppRegistryTests.swift in Sources */ = {isa = PBXBuildFile; fileRef = 4636F82ACDC8595BAE159DEA /* SensitiveAppRegistryTests.swift */; };
		7170A757FB7BA76D9F907D73 /* Carbon.framework in Frameworks */ = {isa = PBXBuildFile; fileRef = AD43D7E283594DDB604F5EBB /* Carbon.framework */; };
		75F58F20C0C637604A699278 /* ApplicationServices.framework in Frameworks */ = {isa = PBXBuildFile; fileRef = FDE0EA66FBAB9A14886082E3 /* ApplicationServices.framework */; };
		787F054BD20084FDCA4DA3AA /* AudioCaptureServiceTests.swift in Sources */ = {isa = PBXBuildFile; fileRef = EF92273DB703286D3EAC9402 /* AudioCaptureServiceTests.swift */; };
		8783A487B17D9A1D9FF52446 /* WhisKeyCore in Frameworks */ = {isa = PBXBuildFile; productRef = 513BCCDA8FCB45A5EBA2F4DE /* WhisKeyCore */; };
		899C79B43347A36C1009DBE4 /* CoreML.framework in Embed Frameworks */ = {isa = PBXBuildFile; fileRef = CFAFB19C0B350EB75DD179F2 /* CoreML.framework */; settings = {ATTRIBUTES = (CodeSignOnCopy, RemoveHeadersOnCopy, ); }; };
		8F83403FF99DF4B4DEB182FC /* CWhisper in Frameworks */ = {isa = PBXBuildFile; productRef = 463A8D7E0E5FD4D491BE0544 /* CWhisper */; };
		9C9244084168FC91E61095AC /* PrivacyInfo.xcprivacy in Resources */ = {isa = PBXBuildFile; fileRef = 346592E12781573A6A30F9D1 /* PrivacyInfo.xcprivacy */; };
		A0CD27A7EA7FE0EF804D4CB1 /* FileLoggerTests.swift in Sources */ = {isa = PBXBuildFile; fileRef = 9C6901EDE93DD53064433D7A /* FileLoggerTests.swift */; };
		A643A245F505918ECEC8A91B /* Accelerate.framework in Embed Frameworks */ = {isa = PBXBuildFile; fileRef = 33420A47B4F4177A13FC0CD1 /* Accelerate.framework */; settings = {ATTRIBUTES = (CodeSignOnCopy, RemoveHeadersOnCopy, ); }; };
		A82DF9239947DDD9D26A24CC /* HistoryEntryTests.swift in Sources */ = {isa = PBXBuildFile; fileRef = 54F76C39A53B398181494EB3 /* HistoryEntryTests.swift */; };
		A8D01DBF416464C991EB4305 /* TextInjectorTests.swift in Sources */ = {isa = PBXBuildFile; fileRef = 511068D007F8E81035CEC017 /* TextInjectorTests.swift */; };
		AD67F3A4A745809F5BCCD140 /* HotkeyManagerTests.swift in Sources */ = {isa = PBXBuildFile; fileRef = C0EAC20BF8597DA8CC6444E7 /* HotkeyManagerTests.swift */; };
		ADD7CBF8F5BA0A7D24402057 /* Metal.framework in Embed Frameworks */ = {isa = PBXBuildFile; fileRef = EDE89231C14F16D73E289868 /* Metal.framework */; settings = {ATTRIBUTES = (CodeSignOnCopy, RemoveHeadersOnCopy, ); }; };
		AFBD40E8D13518D1B2B0851B /* Metal.framework in Frameworks */ = {isa = PBXBuildFile; fileRef = EDE89231C14F16D73E289868 /* Metal.framework */; };
		AFDE820C5C147C6204448274 /* ToneProfileStoreTests.swift in Sources */ = {isa = PBXBuildFile; fileRef = 9DF4BDA7C52BFCFF506853B8 /* ToneProfileStoreTests.swift */; };
		B382EBC5C0E0C81CDB5EF132 /* HotkeyBindingStoreTests.swift in Sources */ = {isa = PBXBuildFile; fileRef = 7A177668AD9FC5363D6CD458 /* HotkeyBindingStoreTests.swift */; };
		B420702003ADBBF59B79E074 /* ContextServiceTests.swift in Sources */ = {isa = PBXBuildFile; fileRef = F2886EFA101F4EA7A031D6D5 /* ContextServiceTests.swift */; };
		B6E5D6548180570347C74D53 /* PipelineErrorTests.swift in Sources */ = {isa = PBXBuildFile; fileRef = 2F51F809EEB29466EB84DBD2 /* PipelineErrorTests.swift */; };
		BED69E9BD460B576C5667790 /* PipelineStateTests.swift in Sources */ = {isa = PBXBuildFile; fileRef = 4183973C37B5A28F01767A0B /* PipelineStateTests.swift */; };
		DBADA3F6D7C62999910EFE0F /* AppNotificationsTests.swift in Sources */ = {isa = PBXBuildFile; fileRef = 4E1958F89C67520BB5BEC573 /* AppNotificationsTests.swift */; };
		DD7B88E7EA38536A433B2427 /* default.metallib in Resources */ = {isa = PBXBuildFile; fileRef = 2E6C15F52D524134685CEF41 /* default.metallib */; };
		DFCFF7F8BF9C1E5298823713 /* CoreML.framework in Frameworks */ = {isa = PBXBuildFile; fileRef = CFAFB19C0B350EB75DD179F2 /* CoreML.framework */; };
		E93F3B9EC8CB8E7E9AFECB4F /* PassthroughProviderTests.swift in Sources */ = {isa = PBXBuildFile; fileRef = 7E3E1E6673923766F502B994 /* PassthroughProviderTests.swift */; };
		EC3DD9ABB17F0408CA307565 /* ModelManagerTests.swift in Sources */ = {isa = PBXBuildFile; fileRef = 68C9B653104F070B279BCD66 /* ModelManagerTests.swift */; };
		F42AF22E0EF8E10D7C3E9ADD /* GRDB in Frameworks */ = {isa = PBXBuildFile; productRef = C62979328975F6D71B50DC6A /* GRDB */; };
		FCE84E245F9651EB7A716A9C /* Accelerate.framework in Frameworks */ = {isa = PBXBuildFile; fileRef = 33420A47B4F4177A13FC0CD1 /* Accelerate.framework */; };
		FD7E7B4E786D713D0789196C /* TranscriptionResultTests.swift in Sources */ = {isa = PBXBuildFile; fileRef = 768029055314858E95CFCC9E /* TranscriptionResultTests.swift */; };
		FE14232A7CCC7FB9A6CB87F8 /* InjectionContextTests.swift in Sources */ = {isa = PBXBuildFile; fileRef = D8499ECA34A09E0CD9B6BC17 /* InjectionContextTests.swift */; };
/* End PBXBuildFile section */

/* Begin PBXContainerItemProxy section */
		8BC8BF3D70335B160DEABF67 /* PBXContainerItemProxy */ = {
			isa = PBXContainerItemProxy;
			containerPortal = 1906ACAB1533791F8560C154 /* Project object */;
			proxyType = 1;
			remoteGlobalIDString = 40E7680C8C32F26B4EA5FFDD;
			remoteInfo = WhisKey;
		};
/* End PBXContainerItemProxy section */

/* Begin PBXCopyFilesBuildPhase section */
		4BFAD52241BF691ECFA9D0FD /* Embed Frameworks */ = {
			isa = PBXCopyFilesBuildPhase;
			buildActionMask = 2147483647;
			dstPath = "";
			dstSubfolderSpec = 10;
			files = (
				A643A245F505918ECEC8A91B /* Accelerate.framework in Embed Frameworks */,
				02DD70DDEA1819EF167A658A /* Carbon.framework in Embed Frameworks */,
				ADD7CBF8F5BA0A7D24402057 /* Metal.framework in Embed Frameworks */,
				4FEFE6B8B74E8F9F8367985C /* MetalKit.framework in Embed Frameworks */,
				899C79B43347A36C1009DBE4 /* CoreML.framework in Embed Frameworks */,
			);
			name = "Embed Frameworks";
			runOnlyForDeploymentPostprocessing = 0;
		};
/* End PBXCopyFilesBuildPhase section */

/* Begin PBXFileReference section */
		019164C3B7275CAE9467A6FA /* main.swift */ = {isa = PBXFileReference; lastKnownFileType = sourcecode.swift; path = main.swift; sourceTree = "<group>"; };
		0C6E86B5D458B71D07BE16BB /* OutputModeTests.swift */ = {isa = PBXFileReference; lastKnownFileType = sourcecode.swift; path = OutputModeTests.swift; sourceTree = "<group>"; };
		1A08BD6BFACA364982C42D2C /* PermissionsManagerTests.swift */ = {isa = PBXFileReference; lastKnownFileType = sourcecode.swift; path = PermissionsManagerTests.swift; sourceTree = "<group>"; };
		2AEE90123DE49393795F0AD8 /* WhisKeyCoreTests.xctest */ = {isa = PBXFileReference; explicitFileType = wrapper.cfbundle; includeInIndex = 0; path = WhisKeyCoreTests.xctest; sourceTree = BUILT_PRODUCTS_DIR; };
		2E457089246BE039960D43DC /* MetalKit.framework */ = {isa = PBXFileReference; lastKnownFileType = wrapper.framework; path = MetalKit.framework; sourceTree = BUILT_PRODUCTS_DIR; };
		2E6C15F52D524134685CEF41 /* default.metallib */ = {isa = PBXFileReference; lastKnownFileType = "archive.metal-library"; path = default.metallib; sourceTree = "<group>"; };
		2F51F809EEB29466EB84DBD2 /* PipelineErrorTests.swift */ = {isa = PBXFileReference; lastKnownFileType = sourcecode.swift; path = PipelineErrorTests.swift; sourceTree = "<group>"; };
		33420A47B4F4177A13FC0CD1 /* Accelerate.framework */ = {isa = PBXFileReference; lastKnownFileType = wrapper.framework; path = Accelerate.framework; sourceTree = BUILT_PRODUCTS_DIR; };
		346592E12781573A6A30F9D1 /* PrivacyInfo.xcprivacy */ = {isa = PBXFileReference; path = PrivacyInfo.xcprivacy; sourceTree = "<group>"; };
		4183973C37B5A28F01767A0B /* PipelineStateTests.swift */ = {isa = PBXFileReference; lastKnownFileType = sourcecode.swift; path = PipelineStateTests.swift; sourceTree = "<group>"; };
		44A0E4362EB02E437B4C6FE2 /* SilenceTrimmerTests.swift */ = {isa = PBXFileReference; lastKnownFileType = sourcecode.swift; path = SilenceTrimmerTests.swift; sourceTree = "<group>"; };
		4636F82ACDC8595BAE159DEA /* SensitiveAppRegistryTests.swift */ = {isa = PBXFileReference; lastKnownFileType = sourcecode.swift; path = SensitiveAppRegistryTests.swift; sourceTree = "<group>"; };
		4E1958F89C67520BB5BEC573 /* AppNotificationsTests.swift */ = {isa = PBXFileReference; lastKnownFileType = sourcecode.swift; path = AppNotificationsTests.swift; sourceTree = "<group>"; };
		4F072A7AC21FE1EC1599451D /* ModelDownloadManagerTests.swift */ = {isa = PBXFileReference; lastKnownFileType = sourcecode.swift; path = ModelDownloadManagerTests.swift; sourceTree = "<group>"; };
		4F101A23189461D773E4A4DD /* WhisperBridgeTests.swift */ = {isa = PBXFileReference; lastKnownFileType = sourcecode.swift; path = WhisperBridgeTests.swift; sourceTree = "<group>"; };
		511068D007F8E81035CEC017 /* TextInjectorTests.swift */ = {isa = PBXFileReference; lastKnownFileType = sourcecode.swift; path = TextInjectorTests.swift; sourceTree = "<group>"; };
		54F76C39A53B398181494EB3 /* HistoryEntryTests.swift */ = {isa = PBXFileReference; lastKnownFileType = sourcecode.swift; path = HistoryEntryTests.swift; sourceTree = "<group>"; };
		68C9B653104F070B279BCD66 /* ModelManagerTests.swift */ = {isa = PBXFileReference; lastKnownFileType = sourcecode.swift; path = ModelManagerTests.swift; sourceTree = "<group>"; };
		6A7AEB81F5032C946B0D0096 /* SnippetExpanderTests.swift */ = {isa = PBXFileReference; lastKnownFileType = sourcecode.swift; path = SnippetExpanderTests.swift; sourceTree = "<group>"; };
		768029055314858E95CFCC9E /* TranscriptionResultTests.swift */ = {isa = PBXFileReference; lastKnownFileType = sourcecode.swift; path = TranscriptionResultTests.swift; sourceTree = "<group>"; };
		7A177668AD9FC5363D6CD458 /* HotkeyBindingStoreTests.swift */ = {isa = PBXFileReference; lastKnownFileType = sourcecode.swift; path = HotkeyBindingStoreTests.swift; sourceTree = "<group>"; };
		7E3E1E6673923766F502B994 /* PassthroughProviderTests.swift */ = {isa = PBXFileReference; lastKnownFileType = sourcecode.swift; path = PassthroughProviderTests.swift; sourceTree = "<group>"; };
		8A64AA65DACAB8DBD16CE186 /* HotkeyDispatcherTests.swift */ = {isa = PBXFileReference; lastKnownFileType = sourcecode.swift; path = HotkeyDispatcherTests.swift; sourceTree = "<group>"; };
		9C6901EDE93DD53064433D7A /* FileLoggerTests.swift */ = {isa = PBXFileReference; lastKnownFileType = sourcecode.swift; path = FileLoggerTests.swift; sourceTree = "<group>"; };
		9D76313018A0188955E3C4CA /* PersonalVocabularyStoreTests.swift */ = {isa = PBXFileReference; lastKnownFileType = sourcecode.swift; path = PersonalVocabularyStoreTests.swift; sourceTree = "<group>"; };
		9DF4BDA7C52BFCFF506853B8 /* ToneProfileStoreTests.swift */ = {isa = PBXFileReference; lastKnownFileType = sourcecode.swift; path = ToneProfileStoreTests.swift; sourceTree = "<group>"; };
		AD43D7E283594DDB604F5EBB /* Carbon.framework */ = {isa = PBXFileReference; lastKnownFileType = wrapper.framework; path = Carbon.framework; sourceTree = BUILT_PRODUCTS_DIR; };
		BBF63DB4FA52F5DB167AA121 /* VoiceCommandProcessorTests.swift */ = {isa = PBXFileReference; lastKnownFileType = sourcecode.swift; path = VoiceCommandProcessorTests.swift; sourceTree = "<group>"; };
		BFC516742DDF01CEA375FF87 /* FillerScrubberTests.swift */ = {isa = PBXFileReference; lastKnownFileType = sourcecode.swift; path = FillerScrubberTests.swift; sourceTree = "<group>"; };
		C0EAC20BF8597DA8CC6444E7 /* HotkeyManagerTests.swift */ = {isa = PBXFileReference; lastKnownFileType = sourcecode.swift; path = HotkeyManagerTests.swift; sourceTree = "<group>"; };
		C66F8088ED301DF3AE98D6B4 /* WhisKey.app */ = {isa = PBXFileReference; explicitFileType = wrapper.application; includeInIndex = 0; path = WhisKey.app; sourceTree = BUILT_PRODUCTS_DIR; };
		CFAFB19C0B350EB75DD179F2 /* CoreML.framework */ = {isa = PBXFileReference; lastKnownFileType = wrapper.framework; path = CoreML.framework; sourceTree = BUILT_PRODUCTS_DIR; };
		CFE840825AC7527EA755EA8A /* CleanupProfileTests.swift */ = {isa = PBXFileReference; lastKnownFileType = sourcecode.swift; path = CleanupProfileTests.swift; sourceTree = "<group>"; };
		D8499ECA34A09E0CD9B6BC17 /* InjectionContextTests.swift */ = {isa = PBXFileReference; lastKnownFileType = sourcecode.swift; path = InjectionContextTests.swift; sourceTree = "<group>"; };
		D8A952752BAA34BA5E4F51AB /* whiskey */ = {isa = PBXFileReference; lastKnownFileType = folder; name = whiskey; path = .; sourceTree = SOURCE_ROOT; };
		D9FC905B4D103FD4D0DB9DF8 /* OllamaProviderEgressTests.swift */ = {isa = PBXFileReference; lastKnownFileType = sourcecode.swift; path = OllamaProviderEgressTests.swift; sourceTree = "<group>"; };
		DEC52C63CD5F01AC02B67F43 /* TranscriptionPipelineSensitivityTests.swift */ = {isa = PBXFileReference; lastKnownFileType = sourcecode.swift; path = TranscriptionPipelineSensitivityTests.swift; sourceTree = "<group>"; };
		E0E31AC7AD08944A4E860B17 /* OllamaProviderTests.swift */ = {isa = PBXFileReference; lastKnownFileType = sourcecode.swift; path = OllamaProviderTests.swift; sourceTree = "<group>"; };
		E1BAB79403B50DD82E91831C /* NetworkActivityMonitorTests.swift */ = {isa = PBXFileReference; lastKnownFileType = sourcecode.swift; path = NetworkActivityMonitorTests.swift; sourceTree = "<group>"; };
		EDE89231C14F16D73E289868 /* Metal.framework */ = {isa = PBXFileReference; lastKnownFileType = wrapper.framework; path = Metal.framework; sourceTree = BUILT_PRODUCTS_DIR; };
		EF92273DB703286D3EAC9402 /* AudioCaptureServiceTests.swift */ = {isa = PBXFileReference; lastKnownFileType = sourcecode.swift; path = AudioCaptureServiceTests.swift; sourceTree = "<group>"; };
		F2886EFA101F4EA7A031D6D5 /* ContextServiceTests.swift */ = {isa = PBXFileReference; lastKnownFileType = sourcecode.swift; path = ContextServiceTests.swift; sourceTree = "<group>"; };
		FDE0EA66FBAB9A14886082E3 /* ApplicationServices.framework */ = {isa = PBXFileReference; lastKnownFileType = wrapper.framework; name = ApplicationServices.framework; path = System/Library/Frameworks/ApplicationServices.framework; sourceTree = SDKROOT; };
/* End PBXFileReference section */

/* Begin PBXFrameworksBuildPhase section */
		0420C3BA6D7A1DEDDF904C34 /* Frameworks */ = {
			isa = PBXFrameworksBuildPhase;
			buildActionMask = 2147483647;
			files = (
				8783A487B17D9A1D9FF52446 /* WhisKeyCore in Frameworks */,
				2EBD37F05699496CB180ABA6 /* WhisKeyUI in Frameworks */,
				F42AF22E0EF8E10D7C3E9ADD /* GRDB in Frameworks */,
				8F83403FF99DF4B4DEB182FC /* CWhisper in Frameworks */,
				137C872FD4657E79B0048AA4 /* CLlama in Frameworks */,
				FCE84E245F9651EB7A716A9C /* Accelerate.framework in Frameworks */,
				7170A757FB7BA76D9F907D73 /* Carbon.framework in Frameworks */,
				AFBD40E8D13518D1B2B0851B /* Metal.framework in Frameworks */,
				477214B7E1B93E51A3DBFBA4 /* MetalKit.framework in Frameworks */,
				DFCFF7F8BF9C1E5298823713 /* CoreML.framework in Frameworks */,
				75F58F20C0C637604A699278 /* ApplicationServices.framework in Frameworks */,
			);
			runOnlyForDeploymentPostprocessing = 0;
		};
/* End PBXFrameworksBuildPhase section */

/* Begin PBXGroup section */
		39915A23CECC9049F08CC248 /* Products */ = {
			isa = PBXGroup;
			children = (
				C66F8088ED301DF3AE98D6B4 /* WhisKey.app */,
				2AEE90123DE49393795F0AD8 /* WhisKeyCoreTests.xctest */,
			);
			name = Products;
			sourceTree = "<group>";
		};
		45B229821F01C4EDE3669059 /* WhisKeyApp */ = {
			isa = PBXGroup;
			children = (
				2E6C15F52D524134685CEF41 /* default.metallib */,
				019164C3B7275CAE9467A6FA /* main.swift */,
				346592E12781573A6A30F9D1 /* PrivacyInfo.xcprivacy */,
			);
			path = WhisKeyApp;
			sourceTree = "<group>";
		};
		4CD4E04C0700E21E45A6AA3B /* Sources */ = {
			isa = PBXGroup;
			children = (
				45B229821F01C4EDE3669059 /* WhisKeyApp */,
			);
			path = Sources;
			sourceTree = "<group>";
		};
		8312D47C15E3D39B1D0541F2 /* WhisKeyCoreTests */ = {
			isa = PBXGroup;
			children = (
				4E1958F89C67520BB5BEC573 /* AppNotificationsTests.swift */,
				EF92273DB703286D3EAC9402 /* AudioCaptureServiceTests.swift */,
				CFE840825AC7527EA755EA8A /* CleanupProfileTests.swift */,
				F2886EFA101F4EA7A031D6D5 /* ContextServiceTests.swift */,
				9C6901EDE93DD53064433D7A /* FileLoggerTests.swift */,
				BFC516742DDF01CEA375FF87 /* FillerScrubberTests.swift */,
				54F76C39A53B398181494EB3 /* HistoryEntryTests.swift */,
				7A177668AD9FC5363D6CD458 /* HotkeyBindingStoreTests.swift */,
				8A64AA65DACAB8DBD16CE186 /* HotkeyDispatcherTests.swift */,
				C0EAC20BF8597DA8CC6444E7 /* HotkeyManagerTests.swift */,
				D8499ECA34A09E0CD9B6BC17 /* InjectionContextTests.swift */,
				4F072A7AC21FE1EC1599451D /* ModelDownloadManagerTests.swift */,
				68C9B653104F070B279BCD66 /* ModelManagerTests.swift */,
				E1BAB79403B50DD82E91831C /* NetworkActivityMonitorTests.swift */,
				D9FC905B4D103FD4D0DB9DF8 /* OllamaProviderEgressTests.swift */,
				E0E31AC7AD08944A4E860B17 /* OllamaProviderTests.swift */,
				0C6E86B5D458B71D07BE16BB /* OutputModeTests.swift */,
				7E3E1E6673923766F502B994 /* PassthroughProviderTests.swift */,
				1A08BD6BFACA364982C42D2C /* PermissionsManagerTests.swift */,
				9D76313018A0188955E3C4CA /* PersonalVocabularyStoreTests.swift */,
				2F51F809EEB29466EB84DBD2 /* PipelineErrorTests.swift */,
				4183973C37B5A28F01767A0B /* PipelineStateTests.swift */,
				4636F82ACDC8595BAE159DEA /* SensitiveAppRegistryTests.swift */,
				44A0E4362EB02E437B4C6FE2 /* SilenceTrimmerTests.swift */,
				6A7AEB81F5032C946B0D0096 /* SnippetExpanderTests.swift */,
				511068D007F8E81035CEC017 /* TextInjectorTests.swift */,
				9DF4BDA7C52BFCFF506853B8 /* ToneProfileStoreTests.swift */,
				DEC52C63CD5F01AC02B67F43 /* TranscriptionPipelineSensitivityTests.swift */,
				768029055314858E95CFCC9E /* TranscriptionResultTests.swift */,
				BBF63DB4FA52F5DB167AA121 /* VoiceCommandProcessorTests.swift */,
				4F101A23189461D773E4A4DD /* WhisperBridgeTests.swift */,
			);
			path = WhisKeyCoreTests;
			sourceTree = "<group>";
		};
		897CC0E0A51439561765E2F6 = {
			isa = PBXGroup;
			children = (
				9F27C97E35ECB7CCA2D06302 /* Packages */,
				4CD4E04C0700E21E45A6AA3B /* Sources */,
				B122C7547CB495073E153876 /* Tests */,
				91DC764844B132921730F495 /* Frameworks */,
				39915A23CECC9049F08CC248 /* Products */,
			);
			sourceTree = "<group>";
		};
		91DC764844B132921730F495 /* Frameworks */ = {
			isa = PBXGroup;
			children = (
				33420A47B4F4177A13FC0CD1 /* Accelerate.framework */,
				FDE0EA66FBAB9A14886082E3 /* ApplicationServices.framework */,
				AD43D7E283594DDB604F5EBB /* Carbon.framework */,
				CFAFB19C0B350EB75DD179F2 /* CoreML.framework */,
				EDE89231C14F16D73E289868 /* Metal.framework */,
				2E457089246BE039960D43DC /* MetalKit.framework */,
			);
			name = Frameworks;
			sourceTree = "<group>";
		};
		9F27C97E35ECB7CCA2D06302 /* Packages */ = {
			isa = PBXGroup;
			children = (
				D8A952752BAA34BA5E4F51AB /* whiskey */,
			);
			name = Packages;
			sourceTree = "<group>";
		};
		B122C7547CB495073E153876 /* Tests */ = {
			isa = PBXGroup;
			children = (
				8312D47C15E3D39B1D0541F2 /* WhisKeyCoreTests */,
			);
			path = Tests;
			sourceTree = "<group>";
		};
/* End PBXGroup section */

/* Begin PBXNativeTarget section */
		40E7680C8C32F26B4EA5FFDD /* WhisKey */ = {
			isa = PBXNativeTarget;
			buildConfigurationList = 64509CC7AC57E3A8CA78A067 /* Build configuration list for PBXNativeTarget "WhisKey" */;
			buildPhases = (
				650AE27FC5FC0B57C25DA71F /* Compile ggml-metal.metal → default.metallib */,
				E379F8B148BE1DB02A4BD4B1 /* Sources */,
				DD34036C1770B59FB32DBC33 /* Resources */,
				0420C3BA6D7A1DEDDF904C34 /* Frameworks */,
				4BFAD52241BF691ECFA9D0FD /* Embed Frameworks */,
				C8E6A92D1CF312C3E89A7270 /* Install to ~/Applications */,
			);
			buildRules = (
			);
			dependencies = (
			);
			name = WhisKey;
			packageProductDependencies = (
				513BCCDA8FCB45A5EBA2F4DE /* WhisKeyCore */,
				21A0CBE9946D78509C094492 /* WhisKeyUI */,
				C62979328975F6D71B50DC6A /* GRDB */,
				463A8D7E0E5FD4D491BE0544 /* CWhisper */,
				49EC41A9569F4E512159D347 /* CLlama */,
			);
			productName = WhisKey;
			productReference = C66F8088ED301DF3AE98D6B4 /* WhisKey.app */;
			productType = "com.apple.product-type.application";
		};
		71DBFE5C41F80FE5925F5996 /* WhisKeyCoreTests */ = {
			isa = PBXNativeTarget;
			buildConfigurationList = 115319A5D620527490D35279 /* Build configuration list for PBXNativeTarget "WhisKeyCoreTests" */;
			buildPhases = (
				3DDD117FDC661E52898FE97C /* Sources */,
			);
			buildRules = (
			);
			dependencies = (
				171A27B5E59351D1FB418BA3 /* PBXTargetDependency */,
			);
			name = WhisKeyCoreTests;
			packageProductDependencies = (
			);
			productName = WhisKeyCoreTests;
			productReference = 2AEE90123DE49393795F0AD8 /* WhisKeyCoreTests.xctest */;
			productType = "com.apple.product-type.bundle.unit-test";
		};
/* End PBXNativeTarget section */

/* Begin PBXProject section */
		1906ACAB1533791F8560C154 /* Project object */ = {
			isa = PBXProject;
			attributes = {
				BuildIndependentTargetsInParallel = YES;
				LastUpgradeCheck = 1600;
				TargetAttributes = {
				};
			};
			buildConfigurationList = 3E10F945212CFB5793CB1929 /* Build configuration list for PBXProject "WhisKey" */;
			developmentRegion = en;
			hasScannedForEncodings = 0;
			knownRegions = (
				Base,
				en,
			);
			mainGroup = 897CC0E0A51439561765E2F6;
			minimizedProjectReferenceProxies = 1;
			packageReferences = (
				120603D423D8CBEB51FA3878 /* XCLocalSwiftPackageReference "." */,
			);
			preferredProjectObjectVersion = 77;
			productRefGroup = 39915A23CECC9049F08CC248 /* Products */;
			projectDirPath = "";
			projectRoot = "";
			targets = (
				40E7680C8C32F26B4EA5FFDD /* WhisKey */,
				71DBFE5C41F80FE5925F5996 /* WhisKeyCoreTests */,
			);
		};
/* End PBXProject section */

/* Begin PBXResourcesBuildPhase section */
		DD34036C1770B59FB32DBC33 /* Resources */ = {
			isa = PBXResourcesBuildPhase;
			buildActionMask = 2147483647;
			files = (
				9C9244084168FC91E61095AC /* PrivacyInfo.xcprivacy in Resources */,
				DD7B88E7EA38536A433B2427 /* default.metallib in Resources */,
			);
			runOnlyForDeploymentPostprocessing = 0;
		};
/* End PBXResourcesBuildPhase section */

/* Begin PBXShellScriptBuildPhase section */
		650AE27FC5FC0B57C25DA71F /* Compile ggml-metal.metal → default.metallib */ = {
			isa = PBXShellScriptBuildPhase;
			alwaysOutOfDate = 1;
			buildActionMask = 2147483647;
			files = (
			);
			inputFileListPaths = (
			);
			inputPaths = (
			);
			name = "Compile ggml-metal.metal → default.metallib";
			outputFileListPaths = (
			);
			outputPaths = (
			);
			runOnlyForDeploymentPostprocessing = 0;
			shellPath = /bin/sh;
			shellScript = "set -e\nMETAL_SRC=\"${SRCROOT}/CGGML/ggml-metal/ggml-metal.metal\"\nAIR=\"${DERIVED_FILE_DIR}/ggml-metal.air\"\nDEST_DIR=\"${BUILT_PRODUCTS_DIR}/${UNLOCALIZED_RESOURCES_FOLDER_PATH}\"\nDEST_LIB=\"${DEST_DIR}/default.metallib\"\nmkdir -p \"$DEST_DIR\"\nxcrun -sdk macosx metal \\\n  -I \"${SRCROOT}/CGGML\" \\\n  -I \"${SRCROOT}/CGGML/include\" \\\n  -I \"${SRCROOT}/CGGML/ggml-metal\" \\\n  -DGGML_USE_METAL \\\n  -c \"$METAL_SRC\" -o \"$AIR\"\nxcrun -sdk macosx metallib \"$AIR\" -o \"$DEST_LIB\"\n";
		};
		C8E6A92D1CF312C3E89A7270 /* Install to ~/Applications */ = {
			isa = PBXShellScriptBuildPhase;
			alwaysOutOfDate = 1;
			buildActionMask = 2147483647;
			files = (
			);
			inputFileListPaths = (
			);
			inputPaths = (
			);
			name = "Install to ~/Applications";
			outputFileListPaths = (
			);
			outputPaths = (
			);
			runOnlyForDeploymentPostprocessing = 0;
			shellPath = /bin/sh;
			shellScript = "DEST=\"$HOME/Applications/$FULL_PRODUCT_NAME\"\necho \"Copying $BUILT_PRODUCTS_DIR/$FULL_PRODUCT_NAME → $DEST\"\nrm -rf \"$DEST\"\ncp -R \"$BUILT_PRODUCTS_DIR/$FULL_PRODUCT_NAME\" \"$DEST\"\n";
		};
/* End PBXShellScriptBuildPhase section */

/* Begin PBXSourcesBuildPhase section */
		3DDD117FDC661E52898FE97C /* Sources */ = {
			isa = PBXSourcesBuildPhase;
			buildActionMask = 2147483647;
			files = (
				DBADA3F6D7C62999910EFE0F /* AppNotificationsTests.swift in Sources */,
				787F054BD20084FDCA4DA3AA /* AudioCaptureServiceTests.swift in Sources */,
				37F4C20829A53B3E9A42AB1F /* CleanupProfileTests.swift in Sources */,
				B420702003ADBBF59B79E074 /* ContextServiceTests.swift in Sources */,
				A0CD27A7EA7FE0EF804D4CB1 /* FileLoggerTests.swift in Sources */,
				3055ABAF93555A655AF6F05E /* FillerScrubberTests.swift in Sources */,
				A82DF9239947DDD9D26A24CC /* HistoryEntryTests.swift in Sources */,
				B382EBC5C0E0C81CDB5EF132 /* HotkeyBindingStoreTests.swift in Sources */,
				47C506F83740A6B1ACDE0330 /* HotkeyDispatcherTests.swift in Sources */,
				AD67F3A4A745809F5BCCD140 /* HotkeyManagerTests.swift in Sources */,
				FE14232A7CCC7FB9A6CB87F8 /* InjectionContextTests.swift in Sources */,
				2581C37F40F520E9BC714C47 /* ModelDownloadManagerTests.swift in Sources */,
				EC3DD9ABB17F0408CA307565 /* ModelManagerTests.swift in Sources */,
				3F9823095590E281FCD091DE /* NetworkActivityMonitorTests.swift in Sources */,
				3D939670F84F9220FD4F2DE7 /* OllamaProviderEgressTests.swift in Sources */,
				41761363558B1C743D60AD71 /* OllamaProviderTests.swift in Sources */,
				52ECD7382850F42EF90B8033 /* OutputModeTests.swift in Sources */,
				E93F3B9EC8CB8E7E9AFECB4F /* PassthroughProviderTests.swift in Sources */,
				5A4BA0738E7438E6E5ACDCC7 /* PermissionsManagerTests.swift in Sources */,
				04181C2F0C684DD69A32F268 /* PersonalVocabularyStoreTests.swift in Sources */,
				B6E5D6548180570347C74D53 /* PipelineErrorTests.swift in Sources */,
				BED69E9BD460B576C5667790 /* PipelineStateTests.swift in Sources */,
				641316453A2D7B4E5AD14479 /* SensitiveAppRegistryTests.swift in Sources */,
				0AC05F1AA64E995A10F361D2 /* SilenceTrimmerTests.swift in Sources */,
				624E852A63FBA28EFDADD367 /* SnippetExpanderTests.swift in Sources */,
				A8D01DBF416464C991EB4305 /* TextInjectorTests.swift in Sources */,
				AFDE820C5C147C6204448274 /* ToneProfileStoreTests.swift in Sources */,
				489A0B87610CB429132AF4E1 /* TranscriptionPipelineSensitivityTests.swift in Sources */,
				FD7E7B4E786D713D0789196C /* TranscriptionResultTests.swift in Sources */,
				39859478DA4540E5E692B143 /* VoiceCommandProcessorTests.swift in Sources */,
				1560994923FF8966351E7781 /* WhisperBridgeTests.swift in Sources */,
			);
			runOnlyForDeploymentPostprocessing = 0;
		};
		E379F8B148BE1DB02A4BD4B1 /* Sources */ = {
			isa = PBXSourcesBuildPhase;
			buildActionMask = 2147483647;
			files = (
				1A892FB4473F8865C6714A82 /* main.swift in Sources */,
			);
			runOnlyForDeploymentPostprocessing = 0;
		};
/* End PBXSourcesBuildPhase section */

/* Begin PBXTargetDependency section */
		171A27B5E59351D1FB418BA3 /* PBXTargetDependency */ = {
			isa = PBXTargetDependency;
			target = 40E7680C8C32F26B4EA5FFDD /* WhisKey */;
			targetProxy = 8BC8BF3D70335B160DEABF67 /* PBXContainerItemProxy */;
		};
/* End PBXTargetDependency section */

/* Begin XCBuildConfiguration section */
		0462CE818BF7B9D4D2DFED06 /* Release */ = {
			isa = XCBuildConfiguration;
			buildSettings = {
				ASSETCATALOG_COMPILER_APPICON_NAME = AppIcon;
				CODE_SIGN_ENTITLEMENTS = WhisKey/WhisKey.entitlements;
				CODE_SIGN_IDENTITY = "Apple Development";
				COMBINE_HIDPI_IMAGES = YES;
				CURRENT_PROJECT_VERSION = 1;
				DEVELOPMENT_TEAM = VMYU8579BG;
				ENABLE_HARDENED_RUNTIME = YES;
				INFOPLIST_FILE = Sources/WhisKeyApp/Info.plist;
				LD_RUNPATH_SEARCH_PATHS = (
					"@executable_path/../Frameworks",
				);
				MACOSX_DEPLOYMENT_TARGET = 14.0;
				MARKETING_VERSION = 0.1.0;
				PRODUCT_BUNDLE_IDENTIFIER = com.rdemeritt.whiskey;
				PRODUCT_NAME = WhisKey;
				SDKROOT = macosx;
				SWIFT_COMPILATION_MODE = wholemodule;
				SWIFT_OPTIMIZATION_LEVEL = "-O";
				SWIFT_STRICT_CONCURRENCY = complete;
				SWIFT_VERSION = 5.0;
			};
			name = Release;
		};
		2818408760F4C27FA22AE8DD /* Release */ = {
			isa = XCBuildConfiguration;
			buildSettings = {
				BUNDLE_LOADER = "$(TEST_HOST)";
				COMBINE_HIDPI_IMAGES = YES;
				LD_RUNPATH_SEARCH_PATHS = (
					"$(inherited)",
					"@executable_path/../Frameworks",
					"@loader_path/../Frameworks",
				);
				MACOSX_DEPLOYMENT_TARGET = 14.0;
				PRODUCT_BUNDLE_IDENTIFIER = com.rdemeritt.WhisKeyCoreTests;
				SDKROOT = macosx;
				SWIFT_VERSION = 5.0;
				TEST_HOST = "$(BUILT_PRODUCTS_DIR)/WhisKey.app/Contents/MacOS/WhisKey";
			};
			name = Release;
		};
		9B5E3534D8E3419622886B07 /* Debug */ = {
			isa = XCBuildConfiguration;
			buildSettings = {
				ASSETCATALOG_COMPILER_APPICON_NAME = AppIcon;
				CODE_SIGN_ENTITLEMENTS = WhisKey/WhisKey.Debug.entitlements;
				CODE_SIGN_IDENTITY = "-";
				CODE_SIGN_STYLE = Manual;
				COMBINE_HIDPI_IMAGES = YES;
				CURRENT_PROJECT_VERSION = 1;
				DEVELOPMENT_TEAM = "";
				ENABLE_HARDENED_RUNTIME = NO;
				INFOPLIST_FILE = Sources/WhisKeyApp/Info.plist;
				LD_RUNPATH_SEARCH_PATHS = (
					"@executable_path/../Frameworks",
				);
				MACOSX_DEPLOYMENT_TARGET = 14.0;
				MARKETING_VERSION = 0.1.0;
				PRODUCT_BUNDLE_IDENTIFIER = com.rdemeritt.whiskey;
				PRODUCT_NAME = WhisKey;
				SDKROOT = macosx;
				SWIFT_ACTIVE_COMPILATION_CONDITIONS = DEBUG;
				SWIFT_OPTIMIZATION_LEVEL = "-Onone";
				SWIFT_STRICT_CONCURRENCY = complete;
				SWIFT_VERSION = 5.0;
			};
			name = Debug;
		};
		BA536B89590F25D11CFF3687 /* Debug */ = {
			isa = XCBuildConfiguration;
			buildSettings = {
				BUNDLE_LOADER = "$(TEST_HOST)";
				COMBINE_HIDPI_IMAGES = YES;
				LD_RUNPATH_SEARCH_PATHS = (
					"$(inherited)",
					"@executable_path/../Frameworks",
					"@loader_path/../Frameworks",
				);
				MACOSX_DEPLOYMENT_TARGET = 14.0;
				PRODUCT_BUNDLE_IDENTIFIER = com.rdemeritt.WhisKeyCoreTests;
				SDKROOT = macosx;
				SWIFT_VERSION = 5.0;
				TEST_HOST = "$(BUILT_PRODUCTS_DIR)/WhisKey.app/Contents/MacOS/WhisKey";
			};
			name = Debug;
		};
		BCF6318598ECECF46DE53C53 /* Release */ = {
			isa = XCBuildConfiguration;
			buildSettings = {
				ALWAYS_SEARCH_USER_PATHS = NO;
				CLANG_ANALYZER_NONNULL = YES;
				CLANG_ANALYZER_NUMBER_OBJECT_CONVERSION = YES_AGGRESSIVE;
				CLANG_CXX_LANGUAGE_STANDARD = "gnu++14";
				CLANG_CXX_LIBRARY = "libc++";
				CLANG_ENABLE_MODULES = YES;
				CLANG_ENABLE_OBJC_ARC = YES;
				CLANG_ENABLE_OBJC_WEAK = YES;
				CLANG_WARN_BLOCK_CAPTURE_AUTORELEASING = YES;
				CLANG_WARN_BOOL_CONVERSION = YES;
				CLANG_WARN_COMMA = YES;
				CLANG_WARN_CONSTANT_CONVERSION = YES;
				CLANG_WARN_DEPRECATED_OBJC_IMPLEMENTATIONS = YES;
				CLANG_WARN_DIRECT_OBJC_ISA_USAGE = YES_ERROR;
				CLANG_WARN_DOCUMENTATION_COMMENTS = YES;
				CLANG_WARN_EMPTY_BODY = YES;
				CLANG_WARN_ENUM_CONVERSION = YES;
				CLANG_WARN_INFINITE_RECURSION = YES;
				CLANG_WARN_INT_CONVERSION = YES;
				CLANG_WARN_NON_LITERAL_NULL_CONVERSION = YES;
				CLANG_WARN_OBJC_IMPLICIT_RETAIN_SELF = YES;
				CLANG_WARN_OBJC_LITERAL_CONVERSION = YES;
				CLANG_WARN_OBJC_ROOT_CLASS = YES_ERROR;
				CLANG_WARN_QUOTED_INCLUDE_IN_FRAMEWORK_HEADER = YES;
				CLANG_WARN_RANGE_LOOP_ANALYSIS = YES;
				CLANG_WARN_STRICT_PROTOTYPES = YES;
				CLANG_WARN_SUSPICIOUS_MOVE = YES;
				CLANG_WARN_UNGUARDED_AVAILABILITY = YES_AGGRESSIVE;
				CLANG_WARN_UNREACHABLE_CODE = YES;
				CLANG_WARN__DUPLICATE_METHOD_MATCH = YES;
				COPY_PHASE_STRIP = NO;
				DEBUG_INFORMATION_FORMAT = "dwarf-with-dsym";
				ENABLE_NS_ASSERTIONS = NO;
				ENABLE_STRICT_OBJC_MSGSEND = YES;
				GCC_C_LANGUAGE_STANDARD = gnu11;
				GCC_NO_COMMON_BLOCKS = YES;
				GCC_WARN_64_TO_32_BIT_CONVERSION = YES;
				GCC_WARN_ABOUT_RETURN_TYPE = YES_ERROR;
				GCC_WARN_UNDECLARED_SELECTOR = YES;
				GCC_WARN_UNINITIALIZED_AUTOS = YES_AGGRESSIVE;
				GCC_WARN_UNUSED_FUNCTION = YES;
				GCC_WARN_UNUSED_VARIABLE = YES;
				MACOSX_DEPLOYMENT_TARGET = 14.0;
				MTL_ENABLE_DEBUG_INFO = NO;
				MTL_FAST_MATH = YES;
				PRODUCT_NAME = "$(TARGET_NAME)";
				SDKROOT = macosx;
				SWIFT_COMPILATION_MODE = wholemodule;
				SWIFT_OPTIMIZATION_LEVEL = "-O";
				SWIFT_VERSION = 5.0;
			};
			name = Release;
		};
		FBE29EEB608F6D84F3025497 /* Debug */ = {
			isa = XCBuildConfiguration;
			buildSettings = {
				ALWAYS_SEARCH_USER_PATHS = NO;
				CLANG_ANALYZER_NONNULL = YES;
				CLANG_ANALYZER_NUMBER_OBJECT_CONVERSION = YES_AGGRESSIVE;
				CLANG_CXX_LANGUAGE_STANDARD = "gnu++14";
				CLANG_CXX_LIBRARY = "libc++";
				CLANG_ENABLE_MODULES = YES;
				CLANG_ENABLE_OBJC_ARC = YES;
				CLANG_ENABLE_OBJC_WEAK = YES;
				CLANG_WARN_BLOCK_CAPTURE_AUTORELEASING = YES;
				CLANG_WARN_BOOL_CONVERSION = YES;
				CLANG_WARN_COMMA = YES;
				CLANG_WARN_CONSTANT_CONVERSION = YES;
				CLANG_WARN_DEPRECATED_OBJC_IMPLEMENTATIONS = YES;
				CLANG_WARN_DIRECT_OBJC_ISA_USAGE = YES_ERROR;
				CLANG_WARN_DOCUMENTATION_COMMENTS = YES;
				CLANG_WARN_EMPTY_BODY = YES;
				CLANG_WARN_ENUM_CONVERSION = YES;
				CLANG_WARN_INFINITE_RECURSION = YES;
				CLANG_WARN_INT_CONVERSION = YES;
				CLANG_WARN_NON_LITERAL_NULL_CONVERSION = YES;
				CLANG_WARN_OBJC_IMPLICIT_RETAIN_SELF = YES;
				CLANG_WARN_OBJC_LITERAL_CONVERSION = YES;
				CLANG_WARN_OBJC_ROOT_CLASS = YES_ERROR;
				CLANG_WARN_QUOTED_INCLUDE_IN_FRAMEWORK_HEADER = YES;
				CLANG_WARN_RANGE_LOOP_ANALYSIS = YES;
				CLANG_WARN_STRICT_PROTOTYPES = YES;
				CLANG_WARN_SUSPICIOUS_MOVE = YES;
				CLANG_WARN_UNGUARDED_AVAILABILITY = YES_AGGRESSIVE;
				CLANG_WARN_UNREACHABLE_CODE = YES;
				CLANG_WARN__DUPLICATE_METHOD_MATCH = YES;
				COPY_PHASE_STRIP = NO;
				DEBUG_INFORMATION_FORMAT = dwarf;
				ENABLE_STRICT_OBJC_MSGSEND = YES;
				ENABLE_TESTABILITY = YES;
				GCC_C_LANGUAGE_STANDARD = gnu11;
				GCC_DYNAMIC_NO_PIC = NO;
				GCC_NO_COMMON_BLOCKS = YES;
				GCC_OPTIMIZATION_LEVEL = 0;
				GCC_PREPROCESSOR_DEFINITIONS = (
					"$(inherited)",
					"DEBUG=1",
				);
				GCC_WARN_64_TO_32_BIT_CONVERSION = YES;
				GCC_WARN_ABOUT_RETURN_TYPE = YES_ERROR;
				GCC_WARN_UNDECLARED_SELECTOR = YES;
				GCC_WARN_UNINITIALIZED_AUTOS = YES_AGGRESSIVE;
				GCC_WARN_UNUSED_FUNCTION = YES;
				GCC_WARN_UNUSED_VARIABLE = YES;
				MACOSX_DEPLOYMENT_TARGET = 14.0;
				MTL_ENABLE_DEBUG_INFO = INCLUDE_SOURCE;
				MTL_FAST_MATH = YES;
				ONLY_ACTIVE_ARCH = YES;
				PRODUCT_NAME = "$(TARGET_NAME)";
				SDKROOT = macosx;
				SWIFT_ACTIVE_COMPILATION_CONDITIONS = DEBUG;
				SWIFT_OPTIMIZATION_LEVEL = "-Onone";
				SWIFT_VERSION = 5.0;
			};
			name = Debug;
		};
/* End XCBuildConfiguration section */

/* Begin XCConfigurationList section */
		115319A5D620527490D35279 /* Build configuration list for PBXNativeTarget "WhisKeyCoreTests" */ = {
			isa = XCConfigurationList;
			buildConfigurations = (
				BA536B89590F25D11CFF3687 /* Debug */,
				2818408760F4C27FA22AE8DD /* Release */,
			);
			defaultConfigurationIsVisible = 0;
			defaultConfigurationName = Debug;
		};
		3E10F945212CFB5793CB1929 /* Build configuration list for PBXProject "WhisKey" */ = {
			isa = XCConfigurationList;
			buildConfigurations = (
				FBE29EEB608F6D84F3025497 /* Debug */,
				BCF6318598ECECF46DE53C53 /* Release */,
			);
			defaultConfigurationIsVisible = 0;
			defaultConfigurationName = Debug;
		};
		64509CC7AC57E3A8CA78A067 /* Build configuration list for PBXNativeTarget "WhisKey" */ = {
			isa = XCConfigurationList;
			buildConfigurations = (
				9B5E3534D8E3419622886B07 /* Debug */,
				0462CE818BF7B9D4D2DFED06 /* Release */,
			);
			defaultConfigurationIsVisible = 0;
			defaultConfigurationName = Debug;
		};
/* End XCConfigurationList section */

/* Begin XCLocalSwiftPackageReference section */
		120603D423D8CBEB51FA3878 /* XCLocalSwiftPackageReference "." */ = {
			isa = XCLocalSwiftPackageReference;
			relativePath = .;
		};
/* End XCLocalSwiftPackageReference section */

/* Begin XCSwiftPackageProductDependency section */
		21A0CBE9946D78509C094492 /* WhisKeyUI */ = {
			isa = XCSwiftPackageProductDependency;
			productName = WhisKeyUI;
		};
		463A8D7E0E5FD4D491BE0544 /* CWhisper */ = {
			isa = XCSwiftPackageProductDependency;
			productName = CWhisper;
		};
		49EC41A9569F4E512159D347 /* CLlama */ = {
			isa = XCSwiftPackageProductDependency;
			productName = CLlama;
		};
		513BCCDA8FCB45A5EBA2F4DE /* WhisKeyCore */ = {
			isa = XCSwiftPackageProductDependency;
			productName = WhisKeyCore;
		};
		C62979328975F6D71B50DC6A /* GRDB */ = {
			isa = XCSwiftPackageProductDependency;
			productName = GRDB;
		};
/* End XCSwiftPackageProductDependency section */
	};
	rootObject = 1906ACAB1533791F8560C154 /* Project object */;
}
